
Microsoft Visual Studio Solution File, Format Version 12.00
Project("{FAE04EC0-301F-11D3-BF4B-00C04F79EFBC}") = "Fizix", "Fizix\Fizix.csproj", "{D4D61298-EFF2-46C1-98AB-0ADA0105D226}"
EndProject
Project("{FAE04EC0-301F-11D3-BF4B-00C04F79EFBC}") = "Fizix.Tests", "Fizix.Tests\Fizix.Tests.csproj", "{A06BB7EE-69E6-4102-BCBA-37AF6418CBEF}"
EndProject
Global
	GlobalSection(SolutionConfigurationPlatforms) = preSolution
		Debug|Any CPU = Debug|Any CPU
		Release|Any CPU = Release|Any CPU
	EndGlobalSection
	GlobalSection(ProjectConfigurationPlatforms) = postSolution
		{D4D61298-EFF2-46C1-98AB-0ADA0105D226}.Debug|Any CPU.ActiveCfg = Debug|Any CPU
		{D4D61298-EFF2-46C1-98AB-0ADA0105D226}.Debug|Any CPU.Build.0 = Debug|Any CPU
		{D4D61298-EFF2-46C1-98AB-0ADA0105D226}.Release|Any CPU.ActiveCfg = Release|Any CPU
		{D4D61298-EFF2-46C1-98AB-0ADA0105D226}.Release|Any CPU.Build.0 = Release|Any CPU
		{A06BB7EE-69E6-4102-BCBA-37AF6418CBEF}.Debug|Any CPU.ActiveCfg = Debug|Any CPU
		{A06BB7EE-69E6-4102-BCBA-37AF6418CBEF}.Debug|Any CPU.Build.0 = Debug|Any CPU
		{A06BB7EE-69E6-4102-BCBA-37AF6418CBEF}.Release|Any CPU.ActiveCfg = Release|Any CPU
		{A06BB7EE-69E6-4102-BCBA-37AF6418CBEF}.Release|Any CPU.Build.0 = Release|Any CPU
	EndGlobalSection
EndGlobal
